// !$*UTF8*$!
{
	archiveVersion = 1;
	classes = {
	};
	objectVersion = 56;
	objects = {

/* Begin PBXBuildFile section */
		A5D4E3672B9AE992003E5D10 /* GuessTheSongApp.swift in Sources */ = {isa = PBXBuildFile; fileRef = A5D4E3662B9AE992003E5D10 /* GuessTheSongApp.swift */; };
		A5D4E3692B9AE992003E5D10 /* ContentView.swift in Sources */ = {isa = PBXBuildFile; fileRef = A5D4E3682B9AE992003E5D10 /* ContentView.swift */; };
		A5D4E36B2B9AE992003E5D10 /* Item.swift in Sources */ = {isa = PBXBuildFile; fileRef = A5D4E36A2B9AE992003E5D10 /* Item.swift */; };
		A5D4E36D2B9AE995003E5D10 /* Assets.xcassets in Resources */ = {isa = PBXBuildFile; fileRef = A5D4E36C2B9AE995003E5D10 /* Assets.xcassets */; };
		A5D4E3702B9AE995003E5D10 /* Preview Assets.xcassets in Resources */ = {isa = PBXBuildFile; fileRef = A5D4E36F2B9AE995003E5D10 /* Preview Assets.xcassets */; };
		A5D4E37C2B9AE995003E5D10 /* GuessTheSongTests.swift in Sources */ = {isa = PBXBuildFile; fileRef = A5D4E37B2B9AE995003E5D10 /* GuessTheSongTests.swift */; };
		A5D4E3862B9AE995003E5D10 /* GuessTheSongUITests.swift in Sources */ = {isa = PBXBuildFile; fileRef = A5D4E3852B9AE995003E5D10 /* GuessTheSongUITests.swift */; };
		A5D4E3882B9AE995003E5D10 /* GuessTheSongUITestsLaunchTests.swift in Sources */ = {isa = PBXBuildFile; fileRef = A5D4E3872B9AE995003E5D10 /* GuessTheSongUITestsLaunchTests.swift */; };
		A5D4E3952B9AEACE003E5D10 /* Golondrina in Resources */ = {isa = PBXBuildFile; fileRef = A5D4E3942B9AEACE003E5D10 /* Golondrina */; };
/* End PBXBuildFile section */

/* Begin PBXContainerItemProxy section */
		A5D4E3782B9AE995003E5D10 /* PBXContainerItemProxy */ = {
			isa = PBXContainerItemProxy;
			containerPortal = A5D4E35B2B9AE992003E5D10 /* Project object */;
			proxyType = 1;
			remoteGlobalIDString = A5D4E3622B9AE992003E5D10;
			remoteInfo = GuessTheSong;
		};
		A5D4E3822B9AE995003E5D10 /* PBXContainerItemProxy */ = {
			isa = PBXContainerItemProxy;
			containerPortal = A5D4E35B2B9AE992003E5D10 /* Project object */;
			proxyType = 1;
			remoteGlobalIDString = A5D4E3622B9AE992003E5D10;
			remoteInfo = GuessTheSong;
		};
/* End PBXContainerItemProxy section */

/* Begin PBXFileReference section */
		A5D4E3632B9AE992003E5D10 /* GuessTheSong.app */ = {isa = PBXFileReference; explicitFileType = wrapper.application; includeInIndex = 0; path = GuessTheSong.app; sourceTree = BUILT_PRODUCTS_DIR; };
		A5D4E3662B9AE992003E5D10 /* GuessTheSongApp.swift */ = {isa = PBXFileReference; lastKnownFileType = sourcecode.swift; path = GuessTheSongApp.swift; sourceTree = "<group>"; };
		A5D4E3682B9AE992003E5D10 /* ContentView.swift */ = {isa = PBXFileReference; lastKnownFileType = sourcecode.swift; path = ContentView.swift; sourceTree = "<group>"; };
		A5D4E36A2B9AE992003E5D10 /* Item.swift */ = {isa = PBXFileReference; lastKnownFileType = sourcecode.swift; path = Item.swift; sourceTree = "<group>"; };
		A5D4E36C2B9AE995003E5D10 /* Assets.xcassets */ = {isa = PBXFileReference; lastKnownFileType = folder.assetcatalog; path = Assets.xcassets; sourceTree = "<group>"; };
		A5D4E36F2B9AE995003E5D10 /* Preview Assets.xcassets */ = {isa = PBXFileReference; lastKnownFileType = folder.assetcatalog; path = "Preview Assets.xcassets"; sourceTree = "<group>"; };
		A5D4E3712B9AE995003E5D10 /* GuessTheSong.entitlements */ = {isa = PBXFileReference; lastKnownFileType = text.plist.entitlements; path = GuessTheSong.entitlements; sourceTree = "<group>"; };
		A5D4E3722B9AE995003E5D10 /* Info.plist */ = {isa = PBXFileReference; lastKnownFileType = text.plist.xml; path = Info.plist; sourceTree = "<group>"; };
		A5D4E3772B9AE995003E5D10 /* GuessTheSongTests.xctest */ = {isa = PBXFileReference; explicitFileType = wrapper.cfbundle; includeInIndex = 0; path = GuessTheSongTests.xctest; sourceTree = BUILT_PRODUCTS_DIR; };
		A5D4E37B2B9AE995003E5D10 /* GuessTheSongTests.swift */ = {isa = PBXFileReference; lastKnownFileType = sourcecode.swift; path = GuessTheSongTests.swift; sourceTree = "<group>"; };
		A5D4E3812B9AE995003E5D10 /* GuessTheSongUITests.xctest */ = {isa = PBXFileReference; explicitFileType = wrapper.cfbundle; includeInIndex = 0; path = GuessTheSongUITests.xctest; sourceTree = BUILT_PRODUCTS_DIR; };
		A5D4E3852B9AE995003E5D10 /* GuessTheSongUITests.swift */ = {isa = PBXFileReference; lastKnownFileType = sourcecode.swift; path = GuessTheSongUITests.swift; sourceTree = "<group>"; };
		A5D4E3872B9AE995003E5D10 /* GuessTheSongUITestsLaunchTests.swift */ = {isa = PBXFileReference; lastKnownFileType = sourcecode.swift; path = GuessTheSongUITestsLaunchTests.swift; sourceTree = "<group>"; };
		A5D4E3942B9AEACE003E5D10 /* Golondrina */ = {isa = PBXFileReference; lastKnownFileType = wrapper; name = Golondrina; path = ../Golondrina; sourceTree = "<group>"; };
/* End PBXFileReference section */

/* Begin PBXFrameworksBuildPhase section */
		A5D4E3602B9AE992003E5D10 /* Frameworks */ = {
			isa = PBXFrameworksBuildPhase;
			buildActionMask = 2147483647;
			files = (
			);
			runOnlyForDeploymentPostprocessing = 0;
		};
		A5D4E3742B9AE995003E5D10 /* Frameworks */ = {
			isa = PBXFrameworksBuildPhase;
			buildActionMask = 2147483647;
			files = (
			);
			runOnlyForDeploymentPostprocessing = 0;
		};
		A5D4E37E2B9AE995003E5D10 /* Frameworks */ = {
			isa = PBXFrameworksBuildPhase;
			buildActionMask = 2147483647;
			files = (
			);
			runOnlyForDeploymentPostprocessing = 0;
		};
/* End PBXFrameworksBuildPhase section */

/* Begin PBXGroup section */
		A5D4E35A2B9AE992003E5D10 = {
			isa = PBXGroup;
			children = (
				A5D4E3942B9AEACE003E5D10 /* Golondrina */,
				A5D4E3652B9AE992003E5D10 /* GuessTheSong */,
				A5D4E37A2B9AE995003E5D10 /* GuessTheSongTests */,
				A5D4E3842B9AE995003E5D10 /* GuessTheSongUITests */,
				A5D4E3642B9AE992003E5D10 /* Products */,
			);
			sourceTree = "<group>";
		};
		A5D4E3642B9AE992003E5D10 /* Products */ = {
			isa = PBXGroup;
			children = (
				A5D4E3632B9AE992003E5D10 /* GuessTheSong.app */,
				A5D4E3772B9AE995003E5D10 /* GuessTheSongTests.xctest */,
				A5D4E3812B9AE995003E5D10 /* GuessTheSongUITests.xctest */,
			);
			name = Products;
			sourceTree = "<group>";
		};
		A5D4E3652B9AE992003E5D10 /* GuessTheSong */ = {
			isa = PBXGroup;
			children = (
				A5D4E3662B9AE992003E5D10 /* GuessTheSongApp.swift */,
				A5D4E3682B9AE992003E5D10 /* ContentView.swift */,
				A5D4E36A2B9AE992003E5D10 /* Item.swift */,
				A5D4E36C2B9AE995003E5D10 /* Assets.xcassets */,
				A5D4E3712B9AE995003E5D10 /* GuessTheSong.entitlements */,
				A5D4E3722B9AE995003E5D10 /* Info.plist */,
				A5D4E36E2B9AE995003E5D10 /* Preview Content */,
			);
			path = GuessTheSong;
			sourceTree = "<group>";
		};
		A5D4E36E2B9AE995003E5D10 /* Preview Content */ = {
			isa = PBXGroup;
			children = (
				A5D4E36F2B9AE995003E5D10 /* Preview Assets.xcassets */,
			);
			path = "Preview Content";
			sourceTree = "<group>";
		};
		A5D4E37A2B9AE995003E5D10 /* GuessTheSongTests */ = {
			isa = PBXGroup;
			children = (
				A5D4E37B2B9AE995003E5D10 /* GuessTheSongTests.swift */,
			);
			path = GuessTheSongTests;
			sourceTree = "<group>";
		};
		A5D4E3842B9AE995003E5D10 /* GuessTheSongUITests */ = {
			isa = PBXGroup;
			children = (
				A5D4E3852B9AE995003E5D10 /* GuessTheSongUITests.swift */,
				A5D4E3872B9AE995003E5D10 /* GuessTheSongUITestsLaunchTests.swift */,
			);
			path = GuessTheSongUITests;
			sourceTree = "<group>";
		};
/* End PBXGroup section */

/* Begin PBXNativeTarget section */
		A5D4E3622B9AE992003E5D10 /* GuessTheSong */ = {
			isa = PBXNativeTarget;
			buildConfigurationList = A5D4E38B2B9AE995003E5D10 /* Build configuration list for PBXNativeTarget "GuessTheSong" */;
			buildPhases = (
				A5D4E35F2B9AE992003E5D10 /* Sources */,
				A5D4E3602B9AE992003E5D10 /* Frameworks */,
				A5D4E3612B9AE992003E5D10 /* Resources */,
			);
			buildRules = (
			);
			dependencies = (
			);
			name = GuessTheSong;
			productName = GuessTheSong;
			productReference = A5D4E3632B9AE992003E5D10 /* GuessTheSong.app */;
			productType = "com.apple.product-type.application";
		};
		A5D4E3762B9AE995003E5D10 /* GuessTheSongTests */ = {
			isa = PBXNativeTarget;
			buildConfigurationList = A5D4E38E2B9AE995003E5D10 /* Build configuration list for PBXNativeTarget "GuessTheSongTests" */;
			buildPhases = (
				A5D4E3732B9AE995003E5D10 /* Sources */,
				A5D4E3742B9AE995003E5D10 /* Frameworks */,
				A5D4E3752B9AE995003E5D10 /* Resources */,
			);
			buildRules = (
			);
			dependencies = (
				A5D4E3792B9AE995003E5D10 /* PBXTargetDependency */,
			);
			name = GuessTheSongTests;
			productName = GuessTheSongTests;
			productReference = A5D4E3772B9AE995003E5D10 /* GuessTheSongTests.xctest */;
			productType = "com.apple.product-type.bundle.unit-test";
		};
		A5D4E3802B9AE995003E5D10 /* GuessTheSongUITests */ = {
			isa = PBXNativeTarget;
			buildConfigurationList = A5D4E3912B9AE995003E5D10 /* Build configuration list for PBXNativeTarget "GuessTheSongUITests" */;
			buildPhases = (
				A5D4E37D2B9AE995003E5D10 /* Sources */,
				A5D4E37E2B9AE995003E5D10 /* Frameworks */,
				A5D4E37F2B9AE995003E5D10 /* Resources */,
			);
			buildRules = (
			);
			dependencies = (
				A5D4E3832B9AE995003E5D10 /* PBXTargetDependency */,
			);
			name = GuessTheSongUITests;
			productName = GuessTheSongUITests;
			productReference = A5D4E3812B9AE995003E5D10 /* GuessTheSongUITests.xctest */;
			productType = "com.apple.product-type.bundle.ui-testing";
		};
/* End PBXNativeTarget section */

/* Begin PBXProject section */
		A5D4E35B2B9AE992003E5D10 /* Project object */ = {
			isa = PBXProject;
			attributes = {
				BuildIndependentTargetsInParallel = 1;
				LastSwiftUpdateCheck = 1520;
				LastUpgradeCheck = 1520;
				TargetAttributes = {
					A5D4E3622B9AE992003E5D10 = {
						CreatedOnToolsVersion = 15.2;
					};
					A5D4E3762B9AE995003E5D10 = {
						CreatedOnToolsVersion = 15.2;
						TestTargetID = A5D4E3622B9AE992003E5D10;
					};
					A5D4E3802B9AE995003E5D10 = {
						CreatedOnToolsVersion = 15.2;
						TestTargetID = A5D4E3622B9AE992003E5D10;
					};
				};
			};
			buildConfigurationList = A5D4E35E2B9AE992003E5D10 /* Build configuration list for PBXProject "GuessTheSong" */;
			compatibilityVersion = "Xcode 14.0";
			developmentRegion = en;
			hasScannedForEncodings = 0;
			knownRegions = (
				en,
				Base,
			);
			mainGroup = A5D4E35A2B9AE992003E5D10;
			productRefGroup = A5D4E3642B9AE992003E5D10 /* Products */;
			projectDirPath = "";
			projectRoot = "";
			targets = (
				A5D4E3622B9AE992003E5D10 /* GuessTheSong */,
				A5D4E3762B9AE995003E5D10 /* GuessTheSongTests */,
				A5D4E3802B9AE995003E5D10 /* GuessTheSongUITests */,
			);
		};
/* End PBXProject section */

/* Begin PBXResourcesBuildPhase section */
		A5D4E3612B9AE992003E5D10 /* Resources */ = {
			isa = PBXResourcesBuildPhase;
			buildActionMask = 2147483647;
			files = (
				A5D4E3702B9AE995003E5D10 /* Preview Assets.xcassets in Resources */,
				A5D4E36D2B9AE995003E5D10 /* Assets.xcassets in Resources */,
				A5D4E3952B9AEACE003E5D10 /* Golondrina in Resources */,
			);
			runOnlyForDeploymentPostprocessing = 0;
		};
		A5D4E3752B9AE995003E5D10 /* Resources */ = {
			isa = PBXResourcesBuildPhase;
			buildActionMask = 2147483647;
			files = (
			);
			runOnlyForDeploymentPostprocessing = 0;
		};
		A5D4E37F2B9AE995003E5D10 /* Resources */ = {
			isa = PBXResourcesBuildPhase;
			buildActionMask = 2147483647;
			files = (
			);
			runOnlyForDeploymentPostprocessing = 0;
		};
/* End PBXResourcesBuildPhase section */

/* Begin PBXSourcesBuildPhase section */
		A5D4E35F2B9AE992003E5D10 /* Sources */ = {
			isa = PBXSourcesBuildPhase;
			buildActionMask = 2147483647;
			files = (
				A5D4E3692B9AE992003E5D10 /* ContentView.swift in Sources */,
				A5D4E36B2B9AE992003E5D10 /* Item.swift in Sources */,
				A5D4E3672B9AE992003E5D10 /* GuessTheSongApp.swift in Sources */,
			);
			runOnlyForDeploymentPostprocessing = 0;
		};
		A5D4E3732B9AE995003E5D10 /* Sources */ = {
			isa = PBXSourcesBuildPhase;
			buildActionMask = 2147483647;
			files = (
				A5D4E37C2B9AE995003E5D10 /* GuessTheSongTests.swift in Sources */,
			);
			runOnlyForDeploymentPostprocessing = 0;
		};
		A5D4E37D2B9AE995003E5D10 /* Sources */ = {
			isa = PBXSourcesBuildPhase;
			buildActionMask = 2147483647;
			files = (
				A5D4E3862B9AE995003E5D10 /* GuessTheSongUITests.swift in Sources */,
				A5D4E3882B9AE995003E5D10 /* GuessTheSongUITestsLaunchTests.swift in Sources */,
			);
			runOnlyForDeploymentPostprocessing = 0;
		};
/* End PBXSourcesBuildPhase section */

/* Begin PBXTargetDependency section */
		A5D4E3792B9AE995003E5D10 /* PBXTargetDependency */ = {
			isa = PBXTargetDependency;
			target = A5D4E3622B9AE992003E5D10 /* GuessTheSong */;
			targetProxy = A5D4E3782B9AE995003E5D10 /* PBXContainerItemProxy */;
		};
		A5D4E3832B9AE995003E5D10 /* PBXTargetDependency */ = {
			isa = PBXTargetDependency;
			target = A5D4E3622B9AE992003E5D10 /* GuessTheSong */;
			targetProxy = A5D4E3822B9AE995003E5D10 /* PBXContainerItemProxy */;
		};
/* End PBXTargetDependency section */

/* Begin XCBuildConfiguration section */
		A5D4E3892B9AE995003E5D10 /* Debug */ = {
			isa = XCBuildConfiguration;
			buildSettings = {
				ALWAYS_SEARCH_USER_PATHS = NO;
				ASSETCATALOG_COMPILER_GENERATE_SWIFT_ASSET_SYMBOL_EXTENSIONS = YES;
				CLANG_ANALYZER_NONNULL = YES;
				CLANG_ANALYZER_NUMBER_OBJECT_CONVERSION = YES_AGGRESSIVE;
				CLANG_CXX_LANGUAGE_STANDARD = "gnu++20";
				CLANG_ENABLE_MODULES = YES;
				CLANG_ENABLE_OBJC_ARC = YES;
				CLANG_ENABLE_OBJC_WEAK = YES;
				CLANG_WARN_BLOCK_CAPTURE_AUTORELEASING = YES;
				CLANG_WARN_BOOL_CONVERSION = YES;
				CLANG_WARN_COMMA = YES;
				CLANG_WARN_CONSTANT_CONVERSION = YES;
				CLANG_WARN_DEPRECATED_OBJC_IMPLEMENTATIONS = YES;
				CLANG_WARN_DIRECT_OBJC_ISA_USAGE = YES_ERROR;
				CLANG_WARN_DOCUMENTATION_COMMENTS = YES;
				CLANG_WARN_EMPTY_BODY = YES;
				CLANG_WARN_ENUM_CONVERSION = YES;
				CLANG_WARN_INFINITE_RECURSION = YES;
				CLANG_WARN_INT_CONVERSION = YES;
				CLANG_WARN_NON_LITERAL_NULL_CONVERSION = YES;
				CLANG_WARN_OBJC_IMPLICIT_RETAIN_SELF = YES;
				CLANG_WARN_OBJC_LITERAL_CONVERSION = YES;
				CLANG_WARN_OBJC_ROOT_CLASS = YES_ERROR;
				CLANG_WARN_QUOTED_INCLUDE_IN_FRAMEWORK_HEADER = YES;
				CLANG_WARN_RANGE_LOOP_ANALYSIS = YES;
				CLANG_WARN_STRICT_PROTOTYPES = YES;
				CLANG_WARN_SUSPICIOUS_MOVE = YES;
				CLANG_WARN_UNGUARDED_AVAILABILITY = YES_AGGRESSIVE;
				CLANG_WARN_UNREACHABLE_CODE = YES;
				CLANG_WARN__DUPLICATE_METHOD_MATCH = YES;
				COPY_PHASE_STRIP = NO;
				DEBUG_INFORMATION_FORMAT = dwarf;
				ENABLE_STRICT_OBJC_MSGSEND = YES;
				ENABLE_TESTABILITY = YES;
				ENABLE_USER_SCRIPT_SANDBOXING = YES;
				GCC_C_LANGUAGE_STANDARD = gnu17;
				GCC_DYNAMIC_NO_PIC = NO;
				GCC_NO_COMMON_BLOCKS = YES;
				GCC_OPTIMIZATION_LEVEL = 0;
				GCC_PREPROCESSOR_DEFINITIONS = (
					"DEBUG=1",
					"$(inherited)",
				);
				GCC_WARN_64_TO_32_BIT_CONVERSION = YES;
				GCC_WARN_ABOUT_RETURN_TYPE = YES_ERROR;
				GCC_WARN_UNDECLARED_SELECTOR = YES;
				GCC_WARN_UNINITIALIZED_AUTOS = YES_AGGRESSIVE;
				GCC_WARN_UNUSED_FUNCTION = YES;
				GCC_WARN_UNUSED_VARIABLE = YES;
				IPHONEOS_DEPLOYMENT_TARGET = 17.2;
				LOCALIZATION_PREFERS_STRING_CATALOGS = YES;
				MTL_ENABLE_DEBUG_INFO = INCLUDE_SOURCE;
				MTL_FAST_MATH = YES;
				ONLY_ACTIVE_ARCH = YES;
				SDKROOT = iphoneos;
				SWIFT_ACTIVE_COMPILATION_CONDITIONS = "DEBUG $(inherited)";
				SWIFT_OPTIMIZATION_LEVEL = "-Onone";
			};
			name = Debug;
		};
		A5D4E38A2B9AE995003E5D10 /* Release */ = {
			isa = XCBuildConfiguration;
			buildSettings = {
				ALWAYS_SEARCH_USER_PATHS = NO;
				ASSETCATALOG_COMPILER_GENERATE_SWIFT_ASSET_SYMBOL_EXTENSIONS = YES;
				CLANG_ANALYZER_NONNULL = YES;
				CLANG_ANALYZER_NUMBER_OBJECT_CONVERSION = YES_AGGRESSIVE;
				CLANG_CXX_LANGUAGE_STANDARD = "gnu++20";
				CLANG_ENABLE_MODULES = YES;
				CLANG_ENABLE_OBJC_ARC = YES;
				CLANG_ENABLE_OBJC_WEAK = YES;
				CLANG_WARN_BLOCK_CAPTURE_AUTORELEASING = YES;
				CLANG_WARN_BOOL_CONVERSION = YES;
				CLANG_WARN_COMMA = YES;
				CLANG_WARN_CONSTANT_CONVERSION = YES;
				CLANG_WARN_DEPRECATED_OBJC_IMPLEMENTATIONS = YES;
				CLANG_WARN_DIRECT_OBJC_ISA_USAGE = YES_ERROR;
				CLANG_WARN_DOCUMENTATION_COMMENTS = YES;
				CLANG_WARN_EMPTY_BODY = YES;
				CLANG_WARN_ENUM_CONVERSION = YES;
				CLANG_WARN_INFINITE_RECURSION = YES;
				CLANG_WARN_INT_CONVERSION = YES;
				CLANG_WARN_NON_LITERAL_NULL_CONVERSION = YES;
				CLANG_WARN_OBJC_IMPLICIT_RETAIN_SELF = YES;
				CLANG_WARN_OBJC_LITERAL_CONVERSION = YES;
				CLANG_WARN_OBJC_ROOT_CLASS = YES_ERROR;
				CLANG_WARN_QUOTED_INCLUDE_IN_FRAMEWORK_HEADER = YES;
				CLANG_WARN_RANGE_LOOP_ANALYSIS = YES;
				CLANG_WARN_STRICT_PROTOTYPES = YES;
				CLANG_WARN_SUSPICIOUS_MOVE = YES;
				CLANG_WARN_UNGUARDED_AVAILABILITY = YES_AGGRESSIVE;
				CLANG_WARN_UNREACHABLE_CODE = YES;
				CLANG_WARN__DUPLICATE_METHOD_MATCH = YES;
				COPY_PHASE_STRIP = NO;
				DEBUG_INFORMATION_FORMAT = "dwarf-with-dsym";
				ENABLE_NS_ASSERTIONS = NO;
				ENABLE_STRICT_OBJC_MSGSEND = YES;
				ENABLE_USER_SCRIPT_SANDBOXING = YES;
				GCC_C_LANGUAGE_STANDARD = gnu17;
				GCC_NO_COMMON_BLOCKS = YES;
				GCC_WARN_64_TO_32_BIT_CONVERSION = YES;
				GCC_WARN_ABOUT_RETURN_TYPE = YES_ERROR;
				GCC_WARN_UNDECLARED_SELECTOR = YES;
				GCC_WARN_UNINITIALIZED_AUTOS = YES_AGGRESSIVE;
				GCC_WARN_UNUSED_FUNCTION = YES;
				GCC_WARN_UNUSED_VARIABLE = YES;
				IPHONEOS_DEPLOYMENT_TARGET = 17.2;
				LOCALIZATION_PREFERS_STRING_CATALOGS = YES;
				MTL_ENABLE_DEBUG_INFO = NO;
				MTL_FAST_MATH = YES;
				SDKROOT = iphoneos;
				SWIFT_COMPILATION_MODE = wholemodule;
				VALIDATE_PRODUCT = YES;
			};
			name = Release;
		};
		A5D4E38C2B9AE995003E5D10 /* Debug */ = {
			isa = XCBuildConfiguration;
			buildSettings = {
				ASSETCATALOG_COMPILER_APPICON_NAME = AppIcon;
				ASSETCATALOG_COMPILER_GLOBAL_ACCENT_COLOR_NAME = AccentColor;
				CODE_SIGN_ENTITLEMENTS = GuessTheSong/GuessTheSong.entitlements;
				CODE_SIGN_STYLE = Automatic;
				CURRENT_PROJECT_VERSION = 1;
				DEVELOPMENT_ASSET_PATHS = "\"GuessTheSong/Preview Content\"";
				DEVELOPMENT_TEAM = 7YBRUG6EVL;
				ENABLE_PREVIEWS = YES;
				GENERATE_INFOPLIST_FILE = YES;
				INFOPLIST_FILE = GuessTheSong/Info.plist;
				INFOPLIST_KEY_UIApplicationSceneManifest_Generation = YES;
				INFOPLIST_KEY_UIApplicationSupportsIndirectInputEvents = YES;
				INFOPLIST_KEY_UILaunchScreen_Generation = YES;
				INFOPLIST_KEY_UISupportedInterfaceOrientations_iPad = "UIInterfaceOrientationPortrait UIInterfaceOrientationPortraitUpsideDown UIInterfaceOrientationLandscapeLeft UIInterfaceOrientationLandscapeRight";
				INFOPLIST_KEY_UISupportedInterfaceOrientations_iPhone = "UIInterfaceOrientationPortrait UIInterfaceOrientationLandscapeLeft UIInterfaceOrientationLandscapeRight";
				LD_RUNPATH_SEARCH_PATHS = (
					"$(inherited)",
					"@executable_path/Frameworks",
				);
				MARKETING_VERSION = 1.0;
				PRODUCT_BUNDLE_IDENTIFIER = com.jesusla.GuessTheSong;
				PRODUCT_NAME = "$(TARGET_NAME)";
				SWIFT_EMIT_LOC_STRINGS = YES;
				SWIFT_VERSION = 5.0;
				TARGETED_DEVICE_FAMILY = "1,2";
			};
			name = Debug;
		};
		A5D4E38D2B9AE995003E5D10 /* Release */ = {
			isa = XCBuildConfiguration;
			buildSettings = {
				ASSETCATALOG_COMPILER_APPICON_NAME = AppIcon;
				ASSETCATALOG_COMPILER_GLOBAL_ACCENT_COLOR_NAME = AccentColor;
				CODE_SIGN_ENTITLEMENTS = GuessTheSong/GuessTheSong.entitlements;
				CODE_SIGN_STYLE = Automatic;
				CURRENT_PROJECT_VERSION = 1;
				DEVELOPMENT_ASSET_PATHS = "\"GuessTheSong/Preview Content\"";
				DEVELOPMENT_TEAM = 7YBRUG6EVL;
				ENABLE_PREVIEWS = YES;
				GENERATE_INFOPLIST_FILE = YES;
				INFOPLIST_FILE = GuessTheSong/Info.plist;
				INFOPLIST_KEY_UIApplicationSceneManifest_Generation = YES;
				INFOPLIST_KEY_UIApplicationSupportsIndirectInputEvents = YES;
				INFOPLIST_KEY_UILaunchScreen_Generation = YES;
				INFOPLIST_KEY_UISupportedInterfaceOrientations_iPad = "UIInterfaceOrientationPortrait UIInterfaceOrientationPortraitUpsideDown UIInterfaceOrientationLandscapeLeft UIInterfaceOrientationLandscapeRight";
				INFOPLIST_KEY_UISupportedInterfaceOrientations_iPhone = "UIInterfaceOrientationPortrait UIInterfaceOrientationLandscapeLeft UIInterfaceOrientationLandscapeRight";
				LD_RUNPATH_SEARCH_PATHS = (
					"$(inherited)",
					"@executable_path/Frameworks",
				);
				MARKETING_VERSION = 1.0;
				PRODUCT_BUNDLE_IDENTIFIER = com.jesusla.GuessTheSong;
				PRODUCT_NAME = "$(TARGET_NAME)";
				SWIFT_EMIT_LOC_STRINGS = YES;
				SWIFT_VERSION = 5.0;
				TARGETED_DEVICE_FAMILY = "1,2";
			};
			name = Release;
		};
		A5D4E38F2B9AE995003E5D10 /* Debug */ = {
			isa = XCBuildConfiguration;
			buildSettings = {
				ALWAYS_EMBED_SWIFT_STANDARD_LIBRARIES = YES;
				BUNDLE_LOADER = "$(TEST_HOST)";
				CODE_SIGN_STYLE = Automatic;
				CURRENT_PROJECT_VERSION = 1;
				DEVELOPMENT_TEAM = 7YBRUG6EVL;
				GENERATE_INFOPLIST_FILE = YES;
				IPHONEOS_DEPLOYMENT_TARGET = 17.2;
				MARKETING_VERSION = 1.0;
				PRODUCT_BUNDLE_IDENTIFIER = com.jesusla.GuessTheSongTests;
				PRODUCT_NAME = "$(TARGET_NAME)";
				SWIFT_EMIT_LOC_STRINGS = NO;
				SWIFT_VERSION = 5.0;
				TARGETED_DEVICE_FAMILY = "1,2";
				TEST_HOST = "$(BUILT_PRODUCTS_DIR)/GuessTheSong.app/$(BUNDLE_EXECUTABLE_FOLDER_PATH)/GuessTheSong";
			};
			name = Debug;
		};
		A5D4E3902B9AE995003E5D10 /* Release */ = {
			isa = XCBuildConfiguration;
			buildSettings = {
				ALWAYS_EMBED_SWIFT_STANDARD_LIBRARIES = YES;
				BUNDLE_LOADER = "$(TEST_HOST)";
				CODE_SIGN_STYLE = Automatic;
				CURRENT_PROJECT_VERSION = 1;
				DEVELOPMENT_TEAM = 7YBRUG6EVL;
				GENERATE_INFOPLIST_FILE = YES;
				IPHONEOS_DEPLOYMENT_TARGET = 17.2;
				MARKETING_VERSION = 1.0;
				PRODUCT_BUNDLE_IDENTIFIER = com.jesusla.GuessTheSongTests;
				PRODUCT_NAME = "$(TARGET_NAME)";
				SWIFT_EMIT_LOC_STRINGS = NO;
				SWIFT_VERSION = 5.0;
				TARGETED_DEVICE_FAMILY = "1,2";
				TEST_HOST = "$(BUILT_PRODUCTS_DIR)/GuessTheSong.app/$(BUNDLE_EXECUTABLE_FOLDER_PATH)/GuessTheSong";
			};
			name = Release;
		};
		A5D4E3922B9AE995003E5D10 /* Debug */ = {
			isa = XCBuildConfiguration;
			buildSettings = {
				ALWAYS_EMBED_SWIFT_STANDARD_LIBRARIES = YES;
				CODE_SIGN_STYLE = Automatic;
				CURRENT_PROJECT_VERSION = 1;
				DEVELOPMENT_TEAM = 7YBRUG6EVL;
				GENERATE_INFOPLIST_FILE = YES;
				MARKETING_VERSION = 1.0;
				PRODUCT_BUNDLE_IDENTIFIER = com.jesusla.GuessTheSongUITests;
				PRODUCT_NAME = "$(TARGET_NAME)";
				SWIFT_EMIT_LOC_STRINGS = NO;
				SWIFT_VERSION = 5.0;
				TARGETED_DEVICE_FAMILY = "1,2";
				TEST_TARGET_NAME = GuessTheSong;
			};
			name = Debug;
		};
		A5D4E3932B9AE995003E5D10 /* Release */ = {
			isa = XCBuildConfiguration;
			buildSettings = {
				ALWAYS_EMBED_SWIFT_STANDARD_LIBRARIES = YES;
				CODE_SIGN_STYLE = Automatic;
				CURRENT_PROJECT_VERSION = 1;
				DEVELOPMENT_TEAM = 7YBRUG6EVL;
				GENERATE_INFOPLIST_FILE = YES;
				MARKETING_VERSION = 1.0;
				PRODUCT_BUNDLE_IDENTIFIER = com.jesusla.GuessTheSongUITests;
				PRODUCT_NAME = "$(TARGET_NAME)";
				SWIFT_EMIT_LOC_STRINGS = NO;
				SWIFT_VERSION = 5.0;
				TARGETED_DEVICE_FAMILY = "1,2";
				TEST_TARGET_NAME = GuessTheSong;
			};
			name = Release;
		};
/* End XCBuildConfiguration section */

/* Begin XCConfigurationList section */
		A5D4E35E2B9AE992003E5D10 /* Build configuration list for PBXProject "GuessTheSong" */ = {
			isa = XCConfigurationList;
			buildConfigurations = (
				A5D4E3892B9AE995003E5D10 /* Debug */,
				A5D4E38A2B9AE995003E5D10 /* Release */,
			);
			defaultConfigurationIsVisible = 0;
			defaultConfigurationName = Release;
		};
		A5D4E38B2B9AE995003E5D10 /* Build configuration list for PBXNativeTarget "GuessTheSong" */ = {
			isa = XCConfigurationList;
			buildConfigurations = (
				A5D4E38C2B9AE995003E5D10 /* Debug */,
				A5D4E38D2B9AE995003E5D10 /* Release */,
			);
			defaultConfigurationIsVisible = 0;
			defaultConfigurationName = Release;
		};
		A5D4E38E2B9AE995003E5D10 /* Build configuration list for PBXNativeTarget "GuessTheSongTests" */ = {
			isa = XCConfigurationList;
			buildConfigurations = (
				A5D4E38F2B9AE995003E5D10 /* Debug */,
				A5D4E3902B9AE995003E5D10 /* Release */,
			);
			defaultConfigurationIsVisible = 0;
			defaultConfigurationName = Release;
		};
		A5D4E3912B9AE995003E5D10 /* Build configuration list for PBXNativeTarget "GuessTheSongUITests" */ = {
			isa = XCConfigurationList;
			buildConfigurations = (
				A5D4E3922B9AE995003E5D10 /* Debug */,
				A5D4E3932B9AE995003E5D10 /* Release */,
			);
			defaultConfigurationIsVisible = 0;
			defaultConfigurationName = Release;
		};
/* End XCConfigurationList section */
	};
	rootObject = A5D4E35B2B9AE992003E5D10 /* Project object */;
}
